
Microsoft Visual Studio Solution File, Format Version 12.00
# Visual Studio Version 17
VisualStudioVersion = 17.2.32616.157
MinimumVisualStudioVersion = 10.0.40219.1
Project("{2150E333-8FDC-42A3-9474-1A3956D46DE8}") = "ThirdParty", "ThirdParty", "{F96B8EB8-3607-4C31-AD39-FEE59C1A677B}"
EndProject
Project("{2150E333-8FDC-42A3-9474-1A3956D46DE8}") = "Apps", "Apps", "{638F4CEC-8C29-4726-A32C-50382CB42879}"
EndProject
Project("{8BC9CEB8-8B4A-11D0-8D11-00A0C91BC942}") = "dearimgui", "ThirdParty\dearimgui\dearimgui.vcxproj", "{BF7CD1E9-C8FD-4DE3-A8D2-A055613F99FE}"
EndProject
Project("{8BC9CEB8-8B4A-11D0-8D11-00A0C91BC942}") = "GLFW", "ThirdParty\GLFW\GLFW.vcxproj", "{7157709C-3BE5-4291-A89A-EACB1EA0D582}"
EndProject
Project("{8BC9CEB8-8B4A-11D0-8D11-00A0C91BC942}") = "GLEW", "ThirdParty\GLEW\GLEW.vcxproj", "{51A0D242-A6A4-4693-AFA8-A3775A204B0E}"
EndProject
Project("{8BC9CEB8-8B4A-11D0-8D11-00A0C91BC942}") = "Engine", "Engine\Engine.vcxproj", "{43D0B166-FA15-4C34-8ECB-ACFF67B633B5}"
EndProject
Project("{8BC9CEB8-8B4A-11D0-8D11-00A0C91BC942}") = "magic_enum", "ThirdParty\magic_enum\magic_enum.vcxproj", "{2051C1A2-1827-4373-95A4-108AE49A58F0}"
EndProject
Project("{8BC9CEB8-8B4A-11D0-8D11-00A0C91BC942}") = "freetype", "ThirdParty\FreeType\builds\windows\vc2010\freetype.vcxproj", "{78B079BD-9FC7-4B9E-B4A6-96DA0F00248B}"
EndProject
Project("{8BC9CEB8-8B4A-11D0-8D11-00A0C91BC942}") = "2DVectorBasedGeometricPaintApp", "Apps\2DVectorBasedGeometricPaintApp\2DVectorBasedGeometricPaintApp.vcxproj", "{82EE8293-5B81-47F3-9B33-74CB91224D79}"
EndProject
Project("{8BC9CEB8-8B4A-11D0-8D11-00A0C91BC942}") = "Angel-maths", "ThirdParty\Angel-maths\Angel-maths.vcxproj", "{0AC3F764-59B1-4F7D-9E26-5A512867605B}"
EndProject
Project("{8BC9CEB8-8B4A-11D0-8D11-00A0C91BC942}") = "tinyfiledialogs", "ThirdParty\tinyfiledialogs\tinyfiledialogs.vcxproj", "{C7C63743-6B16-4253-BF17-2F507D812FB3}"
EndProject
Project("{8BC9CEB8-8B4A-11D0-8D11-00A0C91BC942}") = "nothings-stb", "ThirdParty\nothings-stb\nothings-stb.vcxproj", "{D6A2129E-9165-4807-BF4C-2E85436C7655}"
EndProject
Project("{8BC9CEB8-8B4A-11D0-8D11-00A0C91BC942}") = "SandboxApp2D", "Apps\SandboxApp2D\SandboxApp2D.vcxproj", "{DC445F68-8D56-4529-A751-14C948476517}"
EndProject
Global
	GlobalSection(SolutionConfigurationPlatforms) = preSolution
		Debug Static|ARM64 = Debug Static|ARM64
		Debug Static|x64 = Debug Static|x64
		Debug Static|x86 = Debug Static|x86
		Debug|ARM64 = Debug|ARM64
		Debug|x64 = Debug|x64
		Debug|x86 = Debug|x86
		Release Static|ARM64 = Release Static|ARM64
		Release Static|x64 = Release Static|x64
		Release Static|x86 = Release Static|x86
		Release|ARM64 = Release|ARM64
		Release|x64 = Release|x64
		Release|x86 = Release|x86
	EndGlobalSection
	GlobalSection(ProjectConfigurationPlatforms) = postSolution
		{BF7CD1E9-C8FD-4DE3-A8D2-A055613F99FE}.Debug Static|ARM64.ActiveCfg = Debug|x64
		{BF7CD1E9-C8FD-4DE3-A8D2-A055613F99FE}.Debug Static|ARM64.Build.0 = Debug|x64
		{BF7CD1E9-C8FD-4DE3-A8D2-A055613F99FE}.Debug Static|x64.ActiveCfg = Debug|x64
		{BF7CD1E9-C8FD-4DE3-A8D2-A055613F99FE}.Debug Static|x64.Build.0 = Debug|x64
		{BF7CD1E9-C8FD-4DE3-A8D2-A055613F99FE}.Debug Static|x86.ActiveCfg = Debug|Win32
		{BF7CD1E9-C8FD-4DE3-A8D2-A055613F99FE}.Debug Static|x86.Build.0 = Debug|Win32
		{BF7CD1E9-C8FD-4DE3-A8D2-A055613F99FE}.Debug|ARM64.ActiveCfg = Debug|x64
		{BF7CD1E9-C8FD-4DE3-A8D2-A055613F99FE}.Debug|ARM64.Build.0 = Debug|x64
		{BF7CD1E9-C8FD-4DE3-A8D2-A055613F99FE}.Debug|x64.ActiveCfg = Debug|x64
		{BF7CD1E9-C8FD-4DE3-A8D2-A055613F99FE}.Debug|x64.Build.0 = Debug|x64
		{BF7CD1E9-C8FD-4DE3-A8D2-A055613F99FE}.Debug|x86.ActiveCfg = Debug|Win32
		{BF7CD1E9-C8FD-4DE3-A8D2-A055613F99FE}.Debug|x86.Build.0 = Debug|Win32
		{BF7CD1E9-C8FD-4DE3-A8D2-A055613F99FE}.Release Static|ARM64.ActiveCfg = Release|x64
		{BF7CD1E9-C8FD-4DE3-A8D2-A055613F99FE}.Release Static|ARM64.Build.0 = Release|x64
		{BF7CD1E9-C8FD-4DE3-A8D2-A055613F99FE}.Release Static|x64.ActiveCfg = Release|x64
		{BF7CD1E9-C8FD-4DE3-A8D2-A055613F99FE}.Release Static|x64.Build.0 = Release|x64
		{BF7CD1E9-C8FD-4DE3-A8D2-A055613F99FE}.Release Static|x86.ActiveCfg = Release|Win32
		{BF7CD1E9-C8FD-4DE3-A8D2-A055613F99FE}.Release Static|x86.Build.0 = Release|Win32
		{BF7CD1E9-C8FD-4DE3-A8D2-A055613F99FE}.Release|ARM64.ActiveCfg = Release|x64
		{BF7CD1E9-C8FD-4DE3-A8D2-A055613F99FE}.Release|ARM64.Build.0 = Release|x64
		{BF7CD1E9-C8FD-4DE3-A8D2-A055613F99FE}.Release|x64.ActiveCfg = Release|x64
		{BF7CD1E9-C8FD-4DE3-A8D2-A055613F99FE}.Release|x64.Build.0 = Release|x64
		{BF7CD1E9-C8FD-4DE3-A8D2-A055613F99FE}.Release|x86.ActiveCfg = Release|Win32
		{BF7CD1E9-C8FD-4DE3-A8D2-A055613F99FE}.Release|x86.Build.0 = Release|Win32
		{7157709C-3BE5-4291-A89A-EACB1EA0D582}.Debug Static|ARM64.ActiveCfg = Debug|x64
		{7157709C-3BE5-4291-A89A-EACB1EA0D582}.Debug Static|ARM64.Build.0 = Debug|x64
		{7157709C-3BE5-4291-A89A-EACB1EA0D582}.Debug Static|x64.ActiveCfg = Debug|x64
		{7157709C-3BE5-4291-A89A-EACB1EA0D582}.Debug Static|x64.Build.0 = Debug|x64
		{7157709C-3BE5-4291-A89A-EACB1EA0D582}.Debug Static|x86.ActiveCfg = Debug|Win32
		{7157709C-3BE5-4291-A89A-EACB1EA0D582}.Debug Static|x86.Build.0 = Debug|Win32
		{7157709C-3BE5-4291-A89A-EACB1EA0D582}.Debug|ARM64.ActiveCfg = Debug|x64
		{7157709C-3BE5-4291-A89A-EACB1EA0D582}.Debug|ARM64.Build.0 = Debug|x64
		{7157709C-3BE5-4291-A89A-EACB1EA0D582}.Debug|x64.ActiveCfg = Debug|x64
		{7157709C-3BE5-4291-A89A-EACB1EA0D582}.Debug|x64.Build.0 = Debug|x64
		{7157709C-3BE5-4291-A89A-EACB1EA0D582}.Debug|x86.ActiveCfg = Debug|Win32
		{7157709C-3BE5-4291-A89A-EACB1EA0D582}.Debug|x86.Build.0 = Debug|Win32
		{7157709C-3BE5-4291-A89A-EACB1EA0D582}.Release Static|ARM64.ActiveCfg = Release|x64
		{7157709C-3BE5-4291-A89A-EACB1EA0D582}.Release Static|ARM64.Build.0 = Release|x64
		{7157709C-3BE5-4291-A89A-EACB1EA0D582}.Release Static|x64.ActiveCfg = Release|x64
		{7157709C-3BE5-4291-A89A-EACB1EA0D582}.Release Static|x64.Build.0 = Release|x64
		{7157709C-3BE5-4291-A89A-EACB1EA0D582}.Release Static|x86.ActiveCfg = Release|Win32
		{7157709C-3BE5-4291-A89A-EACB1EA0D582}.Release Static|x86.Build.0 = Release|Win32
		{7157709C-3BE5-4291-A89A-EACB1EA0D582}.Release|ARM64.ActiveCfg = Release|x64
		{7157709C-3BE5-4291-A89A-EACB1EA0D582}.Release|ARM64.Build.0 = Release|x64
		{7157709C-3BE5-4291-A89A-EACB1EA0D582}.Release|x64.ActiveCfg = Release|x64
		{7157709C-3BE5-4291-A89A-EACB1EA0D582}.Release|x64.Build.0 = Release|x64
		{7157709C-3BE5-4291-A89A-EACB1EA0D582}.Release|x86.ActiveCfg = Release|Win32
		{7157709C-3BE5-4291-A89A-EACB1EA0D582}.Release|x86.Build.0 = Release|Win32
		{51A0D242-A6A4-4693-AFA8-A3775A204B0E}.Debug Static|ARM64.ActiveCfg = Debug|x64
		{51A0D242-A6A4-4693-AFA8-A3775A204B0E}.Debug Static|ARM64.Build.0 = Debug|x64
		{51A0D242-A6A4-4693-AFA8-A3775A204B0E}.Debug Static|x64.ActiveCfg = Debug|x64
		{51A0D242-A6A4-4693-AFA8-A3775A204B0E}.Debug Static|x64.Build.0 = Debug|x64
		{51A0D242-A6A4-4693-AFA8-A3775A204B0E}.Debug Static|x86.ActiveCfg = Debug|Win32
		{51A0D242-A6A4-4693-AFA8-A3775A204B0E}.Debug Static|x86.Build.0 = Debug|Win32
		{51A0D242-A6A4-4693-AFA8-A3775A204B0E}.Debug|ARM64.ActiveCfg = Debug|x64
		{51A0D242-A6A4-4693-AFA8-A3775A204B0E}.Debug|ARM64.Build.0 = Debug|x64
		{51A0D242-A6A4-4693-AFA8-A3775A204B0E}.Debug|x64.ActiveCfg = Debug|x64
		{51A0D242-A6A4-4693-AFA8-A3775A204B0E}.Debug|x64.Build.0 = Debug|x64
		{51A0D242-A6A4-4693-AFA8-A3775A204B0E}.Debug|x86.ActiveCfg = Debug|Win32
		{51A0D242-A6A4-4693-AFA8-A3775A204B0E}.Debug|x86.Build.0 = Debug|Win32
		{51A0D242-A6A4-4693-AFA8-A3775A204B0E}.Release Static|ARM64.ActiveCfg = Release|x64
		{51A0D242-A6A4-4693-AFA8-A3775A204B0E}.Release Static|ARM64.Build.0 = Release|x64
		{51A0D242-A6A4-4693-AFA8-A3775A204B0E}.Release Static|x64.ActiveCfg = Release|x64
		{51A0D242-A6A4-4693-AFA8-A3775A204B0E}.Release Static|x64.Build.0 = Release|x64
		{51A0D242-A6A4-4693-AFA8-A3775A204B0E}.Release Static|x86.ActiveCfg = Release|Win32
		{51A0D242-A6A4-4693-AFA8-A3775A204B0E}.Release Static|x86.Build.0 = Release|Win32
		{51A0D242-A6A4-4693-AFA8-A3775A204B0E}.Release|ARM64.ActiveCfg = Release|x64
		{51A0D242-A6A4-4693-AFA8-A3775A204B0E}.Release|ARM64.Build.0 = Release|x64
		{51A0D242-A6A4-4693-AFA8-A3775A204B0E}.Release|x64.ActiveCfg = Release|x64
		{51A0D242-A6A4-4693-AFA8-A3775A204B0E}.Release|x64.Build.0 = Release|x64
		{51A0D242-A6A4-4693-AFA8-A3775A204B0E}.Release|x86.ActiveCfg = Release|Win32
		{51A0D242-A6A4-4693-AFA8-A3775A204B0E}.Release|x86.Build.0 = Release|Win32
		{43D0B166-FA15-4C34-8ECB-ACFF67B633B5}.Debug Static|ARM64.ActiveCfg = Debug|x64
		{43D0B166-FA15-4C34-8ECB-ACFF67B633B5}.Debug Static|ARM64.Build.0 = Debug|x64
		{43D0B166-FA15-4C34-8ECB-ACFF67B633B5}.Debug Static|x64.ActiveCfg = Debug|x64
		{43D0B166-FA15-4C34-8ECB-ACFF67B633B5}.Debug Static|x64.Build.0 = Debug|x64
		{43D0B166-FA15-4C34-8ECB-ACFF67B633B5}.Debug Static|x86.ActiveCfg = Debug|Win32
		{43D0B166-FA15-4C34-8ECB-ACFF67B633B5}.Debug Static|x86.Build.0 = Debug|Win32
		{43D0B166-FA15-4C34-8ECB-ACFF67B633B5}.Debug|ARM64.ActiveCfg = Debug|x64
		{43D0B166-FA15-4C34-8ECB-ACFF67B633B5}.Debug|ARM64.Build.0 = Debug|x64
		{43D0B166-FA15-4C34-8ECB-ACFF67B633B5}.Debug|x64.ActiveCfg = Debug|x64
		{43D0B166-FA15-4C34-8ECB-ACFF67B633B5}.Debug|x64.Build.0 = Debug|x64
		{43D0B166-FA15-4C34-8ECB-ACFF67B633B5}.Debug|x86.ActiveCfg = Debug|Win32
		{43D0B166-FA15-4C34-8ECB-ACFF67B633B5}.Debug|x86.Build.0 = Debug|Win32
		{43D0B166-FA15-4C34-8ECB-ACFF67B633B5}.Release Static|ARM64.ActiveCfg = Release|x64
		{43D0B166-FA15-4C34-8ECB-ACFF67B633B5}.Release Static|ARM64.Build.0 = Release|x64
		{43D0B166-FA15-4C34-8ECB-ACFF67B633B5}.Release Static|x64.ActiveCfg = Release|x64
		{43D0B166-FA15-4C34-8ECB-ACFF67B633B5}.Release Static|x64.Build.0 = Release|x64
		{43D0B166-FA15-4C34-8ECB-ACFF67B633B5}.Release Static|x86.ActiveCfg = Release|Win32
		{43D0B166-FA15-4C34-8ECB-ACFF67B633B5}.Release Static|x86.Build.0 = Release|Win32
		{43D0B166-FA15-4C34-8ECB-ACFF67B633B5}.Release|ARM64.ActiveCfg = Release|x64
		{43D0B166-FA15-4C34-8ECB-ACFF67B633B5}.Release|ARM64.Build.0 = Release|x64
		{43D0B166-FA15-4C34-8ECB-ACFF67B633B5}.Release|x64.ActiveCfg = Release|x64
		{43D0B166-FA15-4C34-8ECB-ACFF67B633B5}.Release|x64.Build.0 = Release|x64
		{43D0B166-FA15-4C34-8ECB-ACFF67B633B5}.Release|x86.ActiveCfg = Release|Win32
		{43D0B166-FA15-4C34-8ECB-ACFF67B633B5}.Release|x86.Build.0 = Release|Win32
		{2051C1A2-1827-4373-95A4-108AE49A58F0}.Debug Static|ARM64.ActiveCfg = Debug|x64
		{2051C1A2-1827-4373-95A4-108AE49A58F0}.Debug Static|ARM64.Build.0 = Debug|x64
		{2051C1A2-1827-4373-95A4-108AE49A58F0}.Debug Static|x64.ActiveCfg = Debug|x64
		{2051C1A2-1827-4373-95A4-108AE49A58F0}.Debug Static|x64.Build.0 = Debug|x64
		{2051C1A2-1827-4373-95A4-108AE49A58F0}.Debug Static|x86.ActiveCfg = Debug|Win32
		{2051C1A2-1827-4373-95A4-108AE49A58F0}.Debug Static|x86.Build.0 = Debug|Win32
		{2051C1A2-1827-4373-95A4-108AE49A58F0}.Debug|ARM64.ActiveCfg = Debug|x64
		{2051C1A2-1827-4373-95A4-108AE49A58F0}.Debug|ARM64.Build.0 = Debug|x64
		{2051C1A2-1827-4373-95A4-108AE49A58F0}.Debug|x64.ActiveCfg = Debug|x64
		{2051C1A2-1827-4373-95A4-108AE49A58F0}.Debug|x64.Build.0 = Debug|x64
		{2051C1A2-1827-4373-95A4-108AE49A58F0}.Debug|x86.ActiveCfg = Debug|Win32
		{2051C1A2-1827-4373-95A4-108AE49A58F0}.Debug|x86.Build.0 = Debug|Win32
		{2051C1A2-1827-4373-95A4-108AE49A58F0}.Release Static|ARM64.ActiveCfg = Release|x64
		{2051C1A2-1827-4373-95A4-108AE49A58F0}.Release Static|ARM64.Build.0 = Release|x64
		{2051C1A2-1827-4373-95A4-108AE49A58F0}.Release Static|x64.ActiveCfg = Release|x64
		{2051C1A2-1827-4373-95A4-108AE49A58F0}.Release Static|x64.Build.0 = Release|x64
		{2051C1A2-1827-4373-95A4-108AE49A58F0}.Release Static|x86.ActiveCfg = Release|Win32
		{2051C1A2-1827-4373-95A4-108AE49A58F0}.Release Static|x86.Build.0 = Release|Win32
		{2051C1A2-1827-4373-95A4-108AE49A58F0}.Release|ARM64.ActiveCfg = Release|x64
		{2051C1A2-1827-4373-95A4-108AE49A58F0}.Release|ARM64.Build.0 = Release|x64
		{2051C1A2-1827-4373-95A4-108AE49A58F0}.Release|x64.ActiveCfg = Release|x64
		{2051C1A2-1827-4373-95A4-108AE49A58F0}.Release|x64.Build.0 = Release|x64
		{2051C1A2-1827-4373-95A4-108AE49A58F0}.Release|x86.ActiveCfg = Release|Win32
		{2051C1A2-1827-4373-95A4-108AE49A58F0}.Release|x86.Build.0 = Release|Win32
		{78B079BD-9FC7-4B9E-B4A6-96DA0F00248B}.Debug Static|ARM64.ActiveCfg = Debug Static|ARM64
		{78B079BD-9FC7-4B9E-B4A6-96DA0F00248B}.Debug Static|ARM64.Build.0 = Debug Static|ARM64
		{78B079BD-9FC7-4B9E-B4A6-96DA0F00248B}.Debug Static|x64.ActiveCfg = Debug Static|x64
		{78B079BD-9FC7-4B9E-B4A6-96DA0F00248B}.Debug Static|x64.Build.0 = Debug Static|x64
		{78B079BD-9FC7-4B9E-B4A6-96DA0F00248B}.Debug Static|x86.ActiveCfg = Debug Static|Win32
		{78B079BD-9FC7-4B9E-B4A6-96DA0F00248B}.Debug Static|x86.Build.0 = Debug Static|Win32
		{78B079BD-9FC7-4B9E-B4A6-96DA0F00248B}.Debug|ARM64.ActiveCfg = Debug|ARM64
		{78B079BD-9FC7-4B9E-B4A6-96DA0F00248B}.Debug|ARM64.Build.0 = Debug|ARM64
		{78B079BD-9FC7-4B9E-B4A6-96DA0F00248B}.Debug|x64.ActiveCfg = Debug|x64
		{78B079BD-9FC7-4B9E-B4A6-96DA0F00248B}.Debug|x64.Build.0 = Debug|x64
		{78B079BD-9FC7-4B9E-B4A6-96DA0F00248B}.Debug|x86.ActiveCfg = Debug|Win32
		{78B079BD-9FC7-4B9E-B4A6-96DA0F00248B}.Debug|x86.Build.0 = Debug|Win32
		{78B079BD-9FC7-4B9E-B4A6-96DA0F00248B}.Release Static|ARM64.ActiveCfg = Release Static|ARM64
		{78B079BD-9FC7-4B9E-B4A6-96DA0F00248B}.Release Static|ARM64.Build.0 = Release Static|ARM64
		{78B079BD-9FC7-4B9E-B4A6-96DA0F00248B}.Release Static|x64.ActiveCfg = Release Static|x64
		{78B079BD-9FC7-4B9E-B4A6-96DA0F00248B}.Release Static|x64.Build.0 = Release Static|x64
		{78B079BD-9FC7-4B9E-B4A6-96DA0F00248B}.Release Static|x86.ActiveCfg = Release Static|Win32
		{78B079BD-9FC7-4B9E-B4A6-96DA0F00248B}.Release Static|x86.Build.0 = Release Static|Win32
		{78B079BD-9FC7-4B9E-B4A6-96DA0F00248B}.Release|ARM64.ActiveCfg = Release|ARM64
		{78B079BD-9FC7-4B9E-B4A6-96DA0F00248B}.Release|ARM64.Build.0 = Release|ARM64
		{78B079BD-9FC7-4B9E-B4A6-96DA0F00248B}.Release|x64.ActiveCfg = Release|x64
		{78B079BD-9FC7-4B9E-B4A6-96DA0F00248B}.Release|x64.Build.0 = Release|x64
		{78B079BD-9FC7-4B9E-B4A6-96DA0F00248B}.Release|x86.ActiveCfg = Release|Win32
		{78B079BD-9FC7-4B9E-B4A6-96DA0F00248B}.Release|x86.Build.0 = Release|Win32
		{82EE8293-5B81-47F3-9B33-74CB91224D79}.Debug Static|ARM64.ActiveCfg = Debug|x64
		{82EE8293-5B81-47F3-9B33-74CB91224D79}.Debug Static|ARM64.Build.0 = Debug|x64
		{82EE8293-5B81-47F3-9B33-74CB91224D79}.Debug Static|x64.ActiveCfg = Debug|x64
		{82EE8293-5B81-47F3-9B33-74CB91224D79}.Debug Static|x64.Build.0 = Debug|x64
		{82EE8293-5B81-47F3-9B33-74CB91224D79}.Debug Static|x86.ActiveCfg = Debug|Win32
		{82EE8293-5B81-47F3-9B33-74CB91224D79}.Debug Static|x86.Build.0 = Debug|Win32
		{82EE8293-5B81-47F3-9B33-74CB91224D79}.Debug|ARM64.ActiveCfg = Debug|x64
		{82EE8293-5B81-47F3-9B33-74CB91224D79}.Debug|ARM64.Build.0 = Debug|x64
		{82EE8293-5B81-47F3-9B33-74CB91224D79}.Debug|x64.ActiveCfg = Debug|x64
		{82EE8293-5B81-47F3-9B33-74CB91224D79}.Debug|x64.Build.0 = Debug|x64
		{82EE8293-5B81-47F3-9B33-74CB91224D79}.Debug|x86.ActiveCfg = Debug|Win32
		{82EE8293-5B81-47F3-9B33-74CB91224D79}.Debug|x86.Build.0 = Debug|Win32
		{82EE8293-5B81-47F3-9B33-74CB91224D79}.Release Static|ARM64.ActiveCfg = Release|x64
		{82EE8293-5B81-47F3-9B33-74CB91224D79}.Release Static|ARM64.Build.0 = Release|x64
		{82EE8293-5B81-47F3-9B33-74CB91224D79}.Release Static|x64.ActiveCfg = Release|x64
		{82EE8293-5B81-47F3-9B33-74CB91224D79}.Release Static|x64.Build.0 = Release|x64
		{82EE8293-5B81-47F3-9B33-74CB91224D79}.Release Static|x86.ActiveCfg = Release|Win32
		{82EE8293-5B81-47F3-9B33-74CB91224D79}.Release Static|x86.Build.0 = Release|Win32
		{82EE8293-5B81-47F3-9B33-74CB91224D79}.Release|ARM64.ActiveCfg = Release|x64
		{82EE8293-5B81-47F3-9B33-74CB91224D79}.Release|ARM64.Build.0 = Release|x64
		{82EE8293-5B81-47F3-9B33-74CB91224D79}.Release|x64.ActiveCfg = Release|x64
		{82EE8293-5B81-47F3-9B33-74CB91224D79}.Release|x64.Build.0 = Release|x64
		{82EE8293-5B81-47F3-9B33-74CB91224D79}.Release|x86.ActiveCfg = Release|Win32
		{82EE8293-5B81-47F3-9B33-74CB91224D79}.Release|x86.Build.0 = Release|Win32
		{0AC3F764-59B1-4F7D-9E26-5A512867605B}.Debug Static|ARM64.ActiveCfg = Debug|x64
		{0AC3F764-59B1-4F7D-9E26-5A512867605B}.Debug Static|ARM64.Build.0 = Debug|x64
		{0AC3F764-59B1-4F7D-9E26-5A512867605B}.Debug Static|x64.ActiveCfg = Debug|x64
		{0AC3F764-59B1-4F7D-9E26-5A512867605B}.Debug Static|x64.Build.0 = Debug|x64
		{0AC3F764-59B1-4F7D-9E26-5A512867605B}.Debug Static|x86.ActiveCfg = Debug|Win32
		{0AC3F764-59B1-4F7D-9E26-5A512867605B}.Debug Static|x86.Build.0 = Debug|Win32
		{0AC3F764-59B1-4F7D-9E26-5A512867605B}.Debug|ARM64.ActiveCfg = Debug|x64
		{0AC3F764-59B1-4F7D-9E26-5A512867605B}.Debug|ARM64.Build.0 = Debug|x64
		{0AC3F764-59B1-4F7D-9E26-5A512867605B}.Debug|x64.ActiveCfg = Debug|x64
		{0AC3F764-59B1-4F7D-9E26-5A512867605B}.Debug|x64.Build.0 = Debug|x64
		{0AC3F764-59B1-4F7D-9E26-5A512867605B}.Debug|x86.ActiveCfg = Debug|Win32
		{0AC3F764-59B1-4F7D-9E26-5A512867605B}.Debug|x86.Build.0 = Debug|Win32
		{0AC3F764-59B1-4F7D-9E26-5A512867605B}.Release Static|ARM64.ActiveCfg = Release|x64
		{0AC3F764-59B1-4F7D-9E26-5A512867605B}.Release Static|ARM64.Build.0 = Release|x64
		{0AC3F764-59B1-4F7D-9E26-5A512867605B}.Release Static|x64.ActiveCfg = Release|x64
		{0AC3F764-59B1-4F7D-9E26-5A512867605B}.Release Static|x64.Build.0 = Release|x64
		{0AC3F764-59B1-4F7D-9E26-5A512867605B}.Release Static|x86.ActiveCfg = Release|Win32
		{0AC3F764-59B1-4F7D-9E26-5A512867605B}.Release Static|x86.Build.0 = Release|Win32
		{0AC3F764-59B1-4F7D-9E26-5A512867605B}.Release|ARM64.ActiveCfg = Release|x64
		{0AC3F764-59B1-4F7D-9E26-5A512867605B}.Release|ARM64.Build.0 = Release|x64
		{0AC3F764-59B1-4F7D-9E26-5A512867605B}.Release|x64.ActiveCfg = Release|x64
		{0AC3F764-59B1-4F7D-9E26-5A512867605B}.Release|x64.Build.0 = Release|x64
		{0AC3F764-59B1-4F7D-9E26-5A512867605B}.Release|x86.ActiveCfg = Release|Win32
		{0AC3F764-59B1-4F7D-9E26-5A512867605B}.Release|x86.Build.0 = Release|Win32
		{C7C63743-6B16-4253-BF17-2F507D812FB3}.Debug Static|ARM64.ActiveCfg = Debug|x64
		{C7C63743-6B16-4253-BF17-2F507D812FB3}.Debug Static|ARM64.Build.0 = Debug|x64
		{C7C63743-6B16-4253-BF17-2F507D812FB3}.Debug Static|x64.ActiveCfg = Debug|x64
		{C7C63743-6B16-4253-BF17-2F507D812FB3}.Debug Static|x64.Build.0 = Debug|x64
		{C7C63743-6B16-4253-BF17-2F507D812FB3}.Debug Static|x86.ActiveCfg = Debug|Win32
		{C7C63743-6B16-4253-BF17-2F507D812FB3}.Debug Static|x86.Build.0 = Debug|Win32
		{C7C63743-6B16-4253-BF17-2F507D812FB3}.Debug|ARM64.ActiveCfg = Debug|x64
		{C7C63743-6B16-4253-BF17-2F507D812FB3}.Debug|ARM64.Build.0 = Debug|x64
		{C7C63743-6B16-4253-BF17-2F507D812FB3}.Debug|x64.ActiveCfg = Debug|x64
		{C7C63743-6B16-4253-BF17-2F507D812FB3}.Debug|x64.Build.0 = Debug|x64
		{C7C63743-6B16-4253-BF17-2F507D812FB3}.Debug|x86.ActiveCfg = Debug|Win32
		{C7C63743-6B16-4253-BF17-2F507D812FB3}.Debug|x86.Build.0 = Debug|Win32
		{C7C63743-6B16-4253-BF17-2F507D812FB3}.Release Static|ARM64.ActiveCfg = Release|x64
		{C7C63743-6B16-4253-BF17-2F507D812FB3}.Release Static|ARM64.Build.0 = Release|x64
		{C7C63743-6B16-4253-BF17-2F507D812FB3}.Release Static|x64.ActiveCfg = Release|x64
		{C7C63743-6B16-4253-BF17-2F507D812FB3}.Release Static|x64.Build.0 = Release|x64
		{C7C63743-6B16-4253-BF17-2F507D812FB3}.Release Static|x86.ActiveCfg = Release|Win32
		{C7C63743-6B16-4253-BF17-2F507D812FB3}.Release Static|x86.Build.0 = Release|Win32
		{C7C63743-6B16-4253-BF17-2F507D812FB3}.Release|ARM64.ActiveCfg = Release|x64
		{C7C63743-6B16-4253-BF17-2F507D812FB3}.Release|ARM64.Build.0 = Release|x64
		{C7C63743-6B16-4253-BF17-2F507D812FB3}.Release|x64.ActiveCfg = Release|x64
		{C7C63743-6B16-4253-BF17-2F507D812FB3}.Release|x64.Build.0 = Release|x64
		{C7C63743-6B16-4253-BF17-2F507D812FB3}.Release|x86.ActiveCfg = Release|Win32
		{C7C63743-6B16-4253-BF17-2F507D812FB3}.Release|x86.Build.0 = Release|Win32
		{D6A2129E-9165-4807-BF4C-2E85436C7655}.Debug Static|ARM64.ActiveCfg = Debug|x64
		{D6A2129E-9165-4807-BF4C-2E85436C7655}.Debug Static|ARM64.Build.0 = Debug|x64
		{D6A2129E-9165-4807-BF4C-2E85436C7655}.Debug Static|x64.ActiveCfg = Debug|x64
		{D6A2129E-9165-4807-BF4C-2E85436C7655}.Debug Static|x64.Build.0 = Debug|x64
		{D6A2129E-9165-4807-BF4C-2E85436C7655}.Debug Static|x86.ActiveCfg = Debug|Win32
		{D6A2129E-9165-4807-BF4C-2E85436C7655}.Debug Static|x86.Build.0 = Debug|Win32
		{D6A2129E-9165-4807-BF4C-2E85436C7655}.Debug|ARM64.ActiveCfg = Debug|x64
		{D6A2129E-9165-4807-BF4C-2E85436C7655}.Debug|ARM64.Build.0 = Debug|x64
		{D6A2129E-9165-4807-BF4C-2E85436C7655}.Debug|x64.ActiveCfg = Debug|x64
		{D6A2129E-9165-4807-BF4C-2E85436C7655}.Debug|x64.Build.0 = Debug|x64
		{D6A2129E-9165-4807-BF4C-2E85436C7655}.Debug|x86.ActiveCfg = Debug|Win32
		{D6A2129E-9165-4807-BF4C-2E85436C7655}.Debug|x86.Build.0 = Debug|Win32
		{D6A2129E-9165-4807-BF4C-2E85436C7655}.Release Static|ARM64.ActiveCfg = Release|x64
		{D6A2129E-9165-4807-BF4C-2E85436C7655}.Release Static|ARM64.Build.0 = Release|x64
		{D6A2129E-9165-4807-BF4C-2E85436C7655}.Release Static|x64.ActiveCfg = Release|x64
		{D6A2129E-9165-4807-BF4C-2E85436C7655}.Release Static|x64.Build.0 = Release|x64
		{D6A2129E-9165-4807-BF4C-2E85436C7655}.Release Static|x86.ActiveCfg = Release|Win32
		{D6A2129E-9165-4807-BF4C-2E85436C7655}.Release Static|x86.Build.0 = Release|Win32
		{D6A2129E-9165-4807-BF4C-2E85436C7655}.Release|ARM64.ActiveCfg = Release|x64
		{D6A2129E-9165-4807-BF4C-2E85436C7655}.Release|ARM64.Build.0 = Release|x64
		{D6A2129E-9165-4807-BF4C-2E85436C7655}.Release|x64.ActiveCfg = Release|x64
		{D6A2129E-9165-4807-BF4C-2E85436C7655}.Release|x64.Build.0 = Release|x64
		{D6A2129E-9165-4807-BF4C-2E85436C7655}.Release|x86.ActiveCfg = Release|Win32
		{D6A2129E-9165-4807-BF4C-2E85436C7655}.Release|x86.Build.0 = Release|Win32
		{DC445F68-8D56-4529-A751-14C948476517}.Debug Static|ARM64.ActiveCfg = Debug|x64
		{DC445F68-8D56-4529-A751-14C948476517}.Debug Static|ARM64.Build.0 = Debug|x64
		{DC445F68-8D56-4529-A751-14C948476517}.Debug Static|x64.ActiveCfg = Debug|x64
		{DC445F68-8D56-4529-A751-14C948476517}.Debug Static|x64.Build.0 = Debug|x64
		{DC445F68-8D56-4529-A751-14C948476517}.Debug Static|x86.ActiveCfg = Debug|Win32
		{DC445F68-8D56-4529-A751-14C948476517}.Debug Static|x86.Build.0 = Debug|Win32
		{DC445F68-8D56-4529-A751-14C948476517}.Debug|ARM64.ActiveCfg = Debug|x64
		{DC445F68-8D56-4529-A751-14C948476517}.Debug|ARM64.Build.0 = Debug|x64
		{DC445F68-8D56-4529-A751-14C948476517}.Debug|x64.ActiveCfg = Debug|x64
		{DC445F68-8D56-4529-A751-14C948476517}.Debug|x64.Build.0 = Debug|x64
		{DC445F68-8D56-4529-A751-14C948476517}.Debug|x86.ActiveCfg = Debug|Win32
		{DC445F68-8D56-4529-A751-14C948476517}.Debug|x86.Build.0 = Debug|Win32
		{DC445F68-8D56-4529-A751-14C948476517}.Release Static|ARM64.ActiveCfg = Release|x64
		{DC445F68-8D56-4529-A751-14C948476517}.Release Static|ARM64.Build.0 = Release|x64
		{DC445F68-8D56-4529-A751-14C948476517}.Release Static|x64.ActiveCfg = Release|x64
		{DC445F68-8D56-4529-A751-14C948476517}.Release Static|x64.Build.0 = Release|x64
		{DC445F68-8D56-4529-A751-14C948476517}.Release Static|x86.ActiveCfg = Release|Win32
		{DC445F68-8D56-4529-A751-14C948476517}.Release Static|x86.Build.0 = Release|Win32
		{DC445F68-8D56-4529-A751-14C948476517}.Release|ARM64.ActiveCfg = Release|x64
		{DC445F68-8D56-4529-A751-14C948476517}.Release|ARM64.Build.0 = Release|x64
		{DC445F68-8D56-4529-A751-14C948476517}.Release|x64.ActiveCfg = Release|x64
		{DC445F68-8D56-4529-A751-14C948476517}.Release|x64.Build.0 = Release|x64
		{DC445F68-8D56-4529-A751-14C948476517}.Release|x86.ActiveCfg = Release|Win32
		{DC445F68-8D56-4529-A751-14C948476517}.Release|x86.Build.0 = Release|Win32
	EndGlobalSection
	GlobalSection(SolutionProperties) = preSolution
		HideSolutionNode = FALSE
	EndGlobalSection
	GlobalSection(NestedProjects) = preSolution
		{BF7CD1E9-C8FD-4DE3-A8D2-A055613F99FE} = {F96B8EB8-3607-4C31-AD39-FEE59C1A677B}
		{7157709C-3BE5-4291-A89A-EACB1EA0D582} = {F96B8EB8-3607-4C31-AD39-FEE59C1A677B}
		{51A0D242-A6A4-4693-AFA8-A3775A204B0E} = {F96B8EB8-3607-4C31-AD39-FEE59C1A677B}
		{2051C1A2-1827-4373-95A4-108AE49A58F0} = {F96B8EB8-3607-4C31-AD39-FEE59C1A677B}
		{78B079BD-9FC7-4B9E-B4A6-96DA0F00248B} = {F96B8EB8-3607-4C31-AD39-FEE59C1A677B}
		{82EE8293-5B81-47F3-9B33-74CB91224D79} = {638F4CEC-8C29-4726-A32C-50382CB42879}
		{0AC3F764-59B1-4F7D-9E26-5A512867605B} = {F96B8EB8-3607-4C31-AD39-FEE59C1A677B}
		{C7C63743-6B16-4253-BF17-2F507D812FB3} = {F96B8EB8-3607-4C31-AD39-FEE59C1A677B}
		{D6A2129E-9165-4807-BF4C-2E85436C7655} = {F96B8EB8-3607-4C31-AD39-FEE59C1A677B}
		{DC445F68-8D56-4529-A751-14C948476517} = {638F4CEC-8C29-4726-A32C-50382CB42879}
	EndGlobalSection
	GlobalSection(ExtensibilityGlobals) = postSolution
		SolutionGuid = {45868C56-C9A6-4790-8139-19AE72023DFE}
	EndGlobalSection
EndGlobal
