
Microsoft Visual Studio Solution File, Format Version 12.00
# Visual Studio Version 17
VisualStudioVersion = 17.2.32616.157
MinimumVisualStudioVersion = 10.0.40219.1
Project("{2150E333-8FDC-42A3-9474-1A3956D46DE8}") = "ThirdParty", "ThirdParty", "{F96B8EB8-3607-4C31-AD39-FEE59C1A677B}"
EndProject
Project("{2150E333-8FDC-42A3-9474-1A3956D46DE8}") = "Apps", "Apps", "{638F4CEC-8C29-4726-A32C-50382CB42879}"
EndProject
Project("{8BC9CEB8-8B4A-11D0-8D11-00A0C91BC942}") = "dearimgui", "ThirdParty\dearimgui\dearimgui.vcxproj", "{BF7CD1E9-C8FD-4DE3-A8D2-A055613F99FE}"
EndProject
Project("{8BC9CEB8-8B4A-11D0-8D11-00A0C91BC942}") = "GLFW", "ThirdParty\GLFW\GLFW.vcxproj", "{7157709C-3BE5-4291-A89A-EACB1EA0D582}"
EndProject
Project("{8BC9CEB8-8B4A-11D0-8D11-00A0C91BC942}") = "ImGui-Example-OpenGL", "Apps\ImGui-Example-OpenGL\ImGui-Example-OpenGL.vcxproj", "{624D6520-29E7-42DC-8788-F88800659011}"
EndProject
Project("{8BC9CEB8-8B4A-11D0-8D11-00A0C91BC942}") = "GLFW-Example-Window", "Apps\GLFW-Example-Window\GLFW-Example-Window.vcxproj", "{6ECA727D-AE54-43B4-8E32-4AFBC5C4A76B}"
EndProject
Project("{8BC9CEB8-8B4A-11D0-8D11-00A0C91BC942}") = "GLEW", "ThirdParty\GLEW\GLEW.vcxproj", "{51A0D242-A6A4-4693-AFA8-A3775A204B0E}"
EndProject
Project("{8BC9CEB8-8B4A-11D0-8D11-00A0C91BC942}") = "Common", "Common\Common.vcxproj", "{43D0B166-FA15-4C34-8ECB-ACFF67B633B5}"
EndProject
Global
	GlobalSection(SolutionConfigurationPlatforms) = preSolution
		Debug|x64 = Debug|x64
		Debug|x86 = Debug|x86
		Release|x64 = Release|x64
		Release|x86 = Release|x86
	EndGlobalSection
	GlobalSection(ProjectConfigurationPlatforms) = postSolution
		{BF7CD1E9-C8FD-4DE3-A8D2-A055613F99FE}.Debug|x64.ActiveCfg = Debug|x64
		{BF7CD1E9-C8FD-4DE3-A8D2-A055613F99FE}.Debug|x64.Build.0 = Debug|x64
		{BF7CD1E9-C8FD-4DE3-A8D2-A055613F99FE}.Debug|x86.ActiveCfg = Debug|Win32
		{BF7CD1E9-C8FD-4DE3-A8D2-A055613F99FE}.Debug|x86.Build.0 = Debug|Win32
		{BF7CD1E9-C8FD-4DE3-A8D2-A055613F99FE}.Release|x64.ActiveCfg = Release|x64
		{BF7CD1E9-C8FD-4DE3-A8D2-A055613F99FE}.Release|x64.Build.0 = Release|x64
		{BF7CD1E9-C8FD-4DE3-A8D2-A055613F99FE}.Release|x86.ActiveCfg = Release|Win32
		{BF7CD1E9-C8FD-4DE3-A8D2-A055613F99FE}.Release|x86.Build.0 = Release|Win32
		{7157709C-3BE5-4291-A89A-EACB1EA0D582}.Debug|x64.ActiveCfg = Debug|x64
		{7157709C-3BE5-4291-A89A-EACB1EA0D582}.Debug|x64.Build.0 = Debug|x64
		{7157709C-3BE5-4291-A89A-EACB1EA0D582}.Debug|x86.ActiveCfg = Debug|Win32
		{7157709C-3BE5-4291-A89A-EACB1EA0D582}.Debug|x86.Build.0 = Debug|Win32
		{7157709C-3BE5-4291-A89A-EACB1EA0D582}.Release|x64.ActiveCfg = Release|x64
		{7157709C-3BE5-4291-A89A-EACB1EA0D582}.Release|x64.Build.0 = Release|x64
		{7157709C-3BE5-4291-A89A-EACB1EA0D582}.Release|x86.ActiveCfg = Release|Win32
		{7157709C-3BE5-4291-A89A-EACB1EA0D582}.Release|x86.Build.0 = Release|Win32
		{624D6520-29E7-42DC-8788-F88800659011}.Debug|x64.ActiveCfg = Debug|x64
		{624D6520-29E7-42DC-8788-F88800659011}.Debug|x64.Build.0 = Debug|x64
		{624D6520-29E7-42DC-8788-F88800659011}.Debug|x86.ActiveCfg = Debug|Win32
		{624D6520-29E7-42DC-8788-F88800659011}.Debug|x86.Build.0 = Debug|Win32
		{624D6520-29E7-42DC-8788-F88800659011}.Release|x64.ActiveCfg = Release|x64
		{624D6520-29E7-42DC-8788-F88800659011}.Release|x64.Build.0 = Release|x64
		{624D6520-29E7-42DC-8788-F88800659011}.Release|x86.ActiveCfg = Release|Win32
		{624D6520-29E7-42DC-8788-F88800659011}.Release|x86.Build.0 = Release|Win32
		{6ECA727D-AE54-43B4-8E32-4AFBC5C4A76B}.Debug|x64.ActiveCfg = Debug|x64
		{6ECA727D-AE54-43B4-8E32-4AFBC5C4A76B}.Debug|x64.Build.0 = Debug|x64
		{6ECA727D-AE54-43B4-8E32-4AFBC5C4A76B}.Debug|x86.ActiveCfg = Debug|Win32
		{6ECA727D-AE54-43B4-8E32-4AFBC5C4A76B}.Debug|x86.Build.0 = Debug|Win32
		{6ECA727D-AE54-43B4-8E32-4AFBC5C4A76B}.Release|x64.ActiveCfg = Release|x64
		{6ECA727D-AE54-43B4-8E32-4AFBC5C4A76B}.Release|x64.Build.0 = Release|x64
		{6ECA727D-AE54-43B4-8E32-4AFBC5C4A76B}.Release|x86.ActiveCfg = Release|Win32
		{6ECA727D-AE54-43B4-8E32-4AFBC5C4A76B}.Release|x86.Build.0 = Release|Win32
		{51A0D242-A6A4-4693-AFA8-A3775A204B0E}.Debug|x64.ActiveCfg = Debug|x64
		{51A0D242-A6A4-4693-AFA8-A3775A204B0E}.Debug|x64.Build.0 = Debug|x64
		{51A0D242-A6A4-4693-AFA8-A3775A204B0E}.Debug|x86.ActiveCfg = Debug|Win32
		{51A0D242-A6A4-4693-AFA8-A3775A204B0E}.Debug|x86.Build.0 = Debug|Win32
		{51A0D242-A6A4-4693-AFA8-A3775A204B0E}.Release|x64.ActiveCfg = Release|x64
		{51A0D242-A6A4-4693-AFA8-A3775A204B0E}.Release|x64.Build.0 = Release|x64
		{51A0D242-A6A4-4693-AFA8-A3775A204B0E}.Release|x86.ActiveCfg = Release|Win32
		{51A0D242-A6A4-4693-AFA8-A3775A204B0E}.Release|x86.Build.0 = Release|Win32
		{43D0B166-FA15-4C34-8ECB-ACFF67B633B5}.Debug|x64.ActiveCfg = Debug|x64
		{43D0B166-FA15-4C34-8ECB-ACFF67B633B5}.Debug|x64.Build.0 = Debug|x64
		{43D0B166-FA15-4C34-8ECB-ACFF67B633B5}.Debug|x86.ActiveCfg = Debug|Win32
		{43D0B166-FA15-4C34-8ECB-ACFF67B633B5}.Debug|x86.Build.0 = Debug|Win32
		{43D0B166-FA15-4C34-8ECB-ACFF67B633B5}.Release|x64.ActiveCfg = Release|x64
		{43D0B166-FA15-4C34-8ECB-ACFF67B633B5}.Release|x64.Build.0 = Release|x64
		{43D0B166-FA15-4C34-8ECB-ACFF67B633B5}.Release|x86.ActiveCfg = Release|Win32
		{43D0B166-FA15-4C34-8ECB-ACFF67B633B5}.Release|x86.Build.0 = Release|Win32
	EndGlobalSection
	GlobalSection(SolutionProperties) = preSolution
		HideSolutionNode = FALSE
	EndGlobalSection
	GlobalSection(NestedProjects) = preSolution
		{BF7CD1E9-C8FD-4DE3-A8D2-A055613F99FE} = {F96B8EB8-3607-4C31-AD39-FEE59C1A677B}
		{7157709C-3BE5-4291-A89A-EACB1EA0D582} = {F96B8EB8-3607-4C31-AD39-FEE59C1A677B}
		{624D6520-29E7-42DC-8788-F88800659011} = {638F4CEC-8C29-4726-A32C-50382CB42879}
		{6ECA727D-AE54-43B4-8E32-4AFBC5C4A76B} = {638F4CEC-8C29-4726-A32C-50382CB42879}
		{51A0D242-A6A4-4693-AFA8-A3775A204B0E} = {F96B8EB8-3607-4C31-AD39-FEE59C1A677B}
		{43D0B166-FA15-4C34-8ECB-ACFF67B633B5} = {1902CEDF-9C06-4FEB-AEEE-E254FEC181C1}
	EndGlobalSection
	GlobalSection(ExtensibilityGlobals) = postSolution
		SolutionGuid = {45868C56-C9A6-4790-8139-19AE72023DFE}
	EndGlobalSection
EndGlobal
