<?xml version="1.0" encoding="utf-8"?>
<Project ToolsVersion="4.0" xmlns="http://schemas.microsoft.com/developer/msbuild/2003">
  <ItemGroup>
    <ClCompile Include="Camera2D.cpp">
      <Filter>source</Filter>
    </ClCompile>
    <ClCompile Include="DrawList.cpp">
      <Filter>source</Filter>
    </ClCompile>
    <ClCompile Include="ErrorManager.cpp">
      <Filter>source</Filter>
    </ClCompile>
    <ClCompile Include="ImGuiManager.cpp">
      <Filter>source</Filter>
    </ClCompile>
    <ClCompile Include="IndexBuffer.cpp">
      <Filter>source</Filter>
    </ClCompile>
    <ClCompile Include="Input.cpp">
      <Filter>source</Filter>
    </ClCompile>
    <ClCompile Include="Renderer.cpp">
      <Filter>source</Filter>
    </ClCompile>
    <ClCompile Include="Shader.cpp">
      <Filter>source</Filter>
    </ClCompile>
    <ClCompile Include="Shape.cpp">
      <Filter>source</Filter>
    </ClCompile>
    <ClCompile Include="ShapeModel.cpp">
      <Filter>source</Filter>
    </ClCompile>
    <ClCompile Include="VertexArray.cpp">
      <Filter>source</Filter>
    </ClCompile>
    <ClCompile Include="VertexBuffer.cpp">
      <Filter>source</Filter>
    </ClCompile>
    <ClCompile Include="VertexBufferLayout.cpp">
      <Filter>source</Filter>
    </ClCompile>
    <ClCompile Include="UndoRedoStack.cpp">
      <Filter>source</Filter>
    </ClCompile>
    <ClCompile Include="DSerializer.cpp">
      <Filter>source</Filter>
    </ClCompile>
    <ClCompile Include="Texture.cpp">
      <Filter>source</Filter>
    </ClCompile>
    <ClCompile Include="Camera3D.cpp">
      <Filter>source</Filter>
    </ClCompile>
  </ItemGroup>
  <ItemGroup>
    <ClInclude Include="Camera2D.h">
      <Filter>include</Filter>
    </ClInclude>
    <ClInclude Include="DrawList.h">
      <Filter>include</Filter>
    </ClInclude>
    <ClInclude Include="ErrorManager.h">
      <Filter>include</Filter>
    </ClInclude>
    <ClInclude Include="ImGuiManager.h">
      <Filter>include</Filter>
    </ClInclude>
    <ClInclude Include="IndexBuffer.h">
      <Filter>include</Filter>
    </ClInclude>
    <ClInclude Include="Input.h">
      <Filter>include</Filter>
    </ClInclude>
    <ClInclude Include="Renderer.h">
      <Filter>include</Filter>
    </ClInclude>
    <ClInclude Include="Shader.h">
      <Filter>include</Filter>
    </ClInclude>
    <ClInclude Include="Shape.h">
      <Filter>include</Filter>
    </ClInclude>
    <ClInclude Include="ShapeModel.h">
      <Filter>include</Filter>
    </ClInclude>
    <ClInclude Include="VertexArray.h">
      <Filter>include</Filter>
    </ClInclude>
    <ClInclude Include="VertexBuffer.h">
      <Filter>include</Filter>
    </ClInclude>
    <ClInclude Include="VertexBufferLayout.h">
      <Filter>include</Filter>
    </ClInclude>
    <ClInclude Include="UndoRedoStack.h">
      <Filter>include</Filter>
    </ClInclude>
    <ClInclude Include="Operation.h">
      <Filter>include</Filter>
    </ClInclude>
    <ClInclude Include="DSerializer.h">
      <Filter>include</Filter>
    </ClInclude>
    <ClInclude Include="Texture.h">
      <Filter>include</Filter>
    </ClInclude>
    <ClInclude Include="Camera3D.h">
      <Filter>include</Filter>
    </ClInclude>
  </ItemGroup>
  <ItemGroup>
    <None Include="shaders\textured_triangle.glsl">
      <Filter>shaders</Filter>
    </None>
    <None Include="shaders\triangle.glsl">
      <Filter>shaders</Filter>
    </None>
  </ItemGroup>
  <ItemGroup>
    <Filter Include="include">
      <UniqueIdentifier>{23a837a5-873d-419c-865b-9bf3707182dd}</UniqueIdentifier>
      <Extensions>h</Extensions>
    </Filter>
    <Filter Include="source">
      <UniqueIdentifier>{ba52e3af-66f9-47ad-8ca7-eb730228a09a}</UniqueIdentifier>
      <Extensions>cpp</Extensions>
    </Filter>
    <Filter Include="shaders">
      <UniqueIdentifier>{7e3f70fa-9ffc-4ded-bed8-034279d6c0af}</UniqueIdentifier>
      <Extensions>glsl</Extensions>
    </Filter>
  </ItemGroup>
</Project>