<?xml version="1.0" encoding="utf-8"?>
<Project ToolsVersion="4.0" xmlns="http://schemas.microsoft.com/developer/msbuild/2003">
  <ItemGroup>
    <Filter Include="shaders">
      <UniqueIdentifier>{2d19309b-f965-4868-849b-2933e2e018e5}</UniqueIdentifier>
    </Filter>
  </ItemGroup>
  <ItemGroup>
    <ClCompile Include="ErrorManager.cpp" />
    <ClCompile Include="VertexBuffer.cpp" />
    <ClCompile Include="IndexBuffer.cpp" />
    <ClCompile Include="VertexArray.cpp" />
    <ClCompile Include="Shader.cpp" />
    <ClCompile Include="Renderer.cpp" />
    <ClCompile Include="Texture.cpp" />
    <ClCompile Include="stb_image.cpp" />
  </ItemGroup>
  <ItemGroup>
    <ClInclude Include="ErrorManager.h" />
    <ClInclude Include="VertexBuffer.h" />
    <ClInclude Include="IndexBuffer.h" />
    <ClInclude Include="VertexArray.h" />
    <ClInclude Include="VertexBufferLayout.h" />
    <ClInclude Include="ImGuiManager.h" />
    <ClInclude Include="Shader.h" />
    <ClInclude Include="Renderer.h" />
    <ClInclude Include="Texture.h" />
  </ItemGroup>
  <ItemGroup>
    <None Include="shaders\triangle.glsl">
      <Filter>shaders</Filter>
    </None>
  </ItemGroup>
</Project>